
Microsoft Visual Studio Solution File, Format Version 12.00
# Visual Studio 15
VisualStudioVersion = 15.0.27703.2047
MinimumVisualStudioVersion = 10.0.40219.1
Project("{FAE04EC0-301F-11D3-BF4B-00C04F79EFBC}") = "Ejercicio00", "Ejercicio00\Ejercicio00.csproj", "{96536BA4-BFCF-40A3-ACDA-CB05F6F40CA9}"
EndProject
Global
	GlobalSection(SolutionConfigurationPlatforms) = preSolution
		Debug|Any CPU = Debug|Any CPU
		Release|Any CPU = Release|Any CPU
	EndGlobalSection
	GlobalSection(ProjectConfigurationPlatforms) = postSolution
		{96536BA4-BFCF-40A3-ACDA-CB05F6F40CA9}.Debug|Any CPU.ActiveCfg = Debug|Any CPU
		{96536BA4-BFCF-40A3-ACDA-CB05F6F40CA9}.Debug|Any CPU.Build.0 = Debug|Any CPU
		{96536BA4-BFCF-40A3-ACDA-CB05F6F40CA9}.Release|Any CPU.ActiveCfg = Release|Any CPU
		{96536BA4-BFCF-40A3-ACDA-CB05F6F40CA9}.Release|Any CPU.Build.0 = Release|Any CPU
	EndGlobalSection
	GlobalSection(SolutionProperties) = preSolution
		HideSolutionNode = FALSE
	EndGlobalSection
	GlobalSection(ExtensibilityGlobals) = postSolution
		SolutionGuid = {D9F4B269-CE8C-40F6-B40B-164A04300FB4}
	EndGlobalSection
EndGlobal
