
Microsoft Visual Studio Solution File, Format Version 12.00
# Visual Studio 15
VisualStudioVersion = 15.0.28010.2041
MinimumVisualStudioVersion = 10.0.40219.1
Project("{FAE04EC0-301F-11D3-BF4B-00C04F79EFBC}") = "Ejercicio Clase 02", "Ejercicio Clase 02\Ejercicio Clase 02.csproj", "{BA4CB0A3-0C2A-4F3E-B0D3-9921A1F15D9E}"
EndProject
Project("{FAE04EC0-301F-11D3-BF4B-00C04F79EFBC}") = "Ejercicio Clase 04", "Ejercicio Clase 04\Ejercicio Clase 04.csproj", "{6A9DB633-FBB6-41D4-B98B-FD9986F4EFA1}"
EndProject
Project("{FAE04EC0-301F-11D3-BF4B-00C04F79EFBC}") = "Ejercicio Clase 05", "Ejercicio Clase 05\Ejercicio Clase 05.csproj", "{C8D33EF1-A03A-4763-94CA-8FAC986A39B8}"
EndProject
Project("{FAE04EC0-301F-11D3-BF4B-00C04F79EFBC}") = "Ejercicio Clase 06 Forms", "Ejercicio Clase 06 Forms\Ejercicio Clase 06 Forms.csproj", "{DFA1B598-EECE-4DB2-B57F-EAB5D765EA07}"
EndProject
Project("{FAE04EC0-301F-11D3-BF4B-00C04F79EFBC}") = "Ejercicio Clase 07", "Ejercicio Clase 07\Ejercicio Clase 07.csproj", "{D8C30B3B-C77B-4DE4-8455-C881CE0DF5CD}"
EndProject
Project("{FAE04EC0-301F-11D3-BF4B-00C04F79EFBC}") = "Ejercicio Clase 08 TestWF", "Ejercicio Clase 08 TestWF\Ejercicio Clase 08 TestWF.csproj", "{A8E5E577-D45A-4E26-90CE-E46AFCCE286D}"
EndProject
Project("{9A19103F-16F7-4668-BE54-9A1E7A4F7556}") = "Entidades", "Entidades\Entidades.csproj", "{DC28A3F4-27A7-4D54-B941-3D60814BF059}"
EndProject
Project("{FAE04EC0-301F-11D3-BF4B-00C04F79EFBC}") = "Entidades.Clase07", "Entidades.Clase07\Entidades.Clase07.csproj", "{A6615321-AD1F-4146-BF51-E958BF3BBFCD}"
EndProject
Project("{FAE04EC0-301F-11D3-BF4B-00C04F79EFBC}") = "Entidades.Clase13", "Entidades.Clase13\Entidades.Clase13.csproj", "{853C0545-FB88-4E37-9250-304FA0E01DAE}"
EndProject
Project("{FAE04EC0-301F-11D3-BF4B-00C04F79EFBC}") = "EntidadesTest", "EntidadTest\EntidadesTest.csproj", "{0A99DA2F-69CC-41A8-A908-CFB8C7718927}"
EndProject
Project("{FAE04EC0-301F-11D3-BF4B-00C04F79EFBC}") = "Entidades.Clase13.Test", "Entidades.Clase13.Test\Entidades.Clase13.Test.csproj", "{693873E2-83B4-4E5C-889E-D037162439BC}"
EndProject
Project("{FAE04EC0-301F-11D3-BF4B-00C04F79EFBC}") = "Ejercicio42", "Ejercicio42\Ejercicio42.csproj", "{BE613F7D-4662-4E1E-9A44-1F8676DB63A1}"
EndProject
Project("{FAE04EC0-301F-11D3-BF4B-00C04F79EFBC}") = "Entidades.Clase15", "Entidades.Clase15\Entidades.Clase15.csproj", "{04FAF21F-997B-4CB8-A4B4-59036140DB7A}"
EndProject
Project("{FAE04EC0-301F-11D3-BF4B-00C04F79EFBC}") = "Entidades.Clase15.Test", "Entidades.Clase15.Test\Entidades.Clase15.Test.csproj", "{A99AE0A5-509B-4E5F-8955-99678A270EA3}"
EndProject
Project("{FAE04EC0-301F-11D3-BF4B-00C04F79EFBC}") = "Entidades.Clase15-Parte2", "Entidades.Clase15-Parte2\Entidades.Clase15-Parte2.csproj", "{647226FF-18C8-4C3D-AC0A-8BAFFBAF210B}"
EndProject
Project("{FAE04EC0-301F-11D3-BF4B-00C04F79EFBC}") = "Entidades.Clase15-Parte2.test", "Entidades.Clase15-Parte2.test\Entidades.Clase15-Parte2.test.csproj", "{098B5C5A-52F8-4253-B6E0-0EC06D2538F5}"
EndProject
Project("{FAE04EC0-301F-11D3-BF4B-00C04F79EFBC}") = "Entidades.Clase15-Parte3", "Entidades.Clase15-Parte3\Entidades.Clase15-Parte3.csproj", "{C5DFCD63-9BE7-4B38-9F54-7C4856E459EE}"
EndProject
Project("{FAE04EC0-301F-11D3-BF4B-00C04F79EFBC}") = "Entidades.Clase15-Parte3.test", "Entidades.Clase15-Parte3.test\Entidades.Clase15-Parte3.test.csproj", "{0617026A-9472-4F47-B11D-D8FF11B63638}"
EndProject
Project("{FAE04EC0-301F-11D3-BF4B-00C04F79EFBC}") = "Entidades.Clase16", "Entidades.Clase16\Entidades.Clase16.csproj", "{629F21C0-5048-4DF5-964B-DB6BA69404FB}"
EndProject
Project("{FAE04EC0-301F-11D3-BF4B-00C04F79EFBC}") = "Entidades.Clase16.Test", "Entidades.Clase16.Test\Entidades.Clase16.Test.csproj", "{FFE911D1-AD10-4B7D-A476-FCE7B6640821}"
EndProject
Project("{FAE04EC0-301F-11D3-BF4B-00C04F79EFBC}") = "Entidades.Clase17", "Entidades.Clase17\Entidades.Clase17.csproj", "{0223A94A-2480-4FC1-933E-9759AA317331}"
EndProject
Project("{FAE04EC0-301F-11D3-BF4B-00C04F79EFBC}") = "Entidades.Clase17.test", "Entidades.Clase17.test\Entidades.Clase17.test.csproj", "{37A3C915-2121-423B-93B8-4B96FEAEA092}"
EndProject
Project("{FAE04EC0-301F-11D3-BF4B-00C04F79EFBC}") = "Ejercicio Clase 18 SQL", "Ejercicio Clase 18 SQL\Ejercicio Clase 18 SQL.csproj", "{31924312-0886-4857-AF67-7B7FF9F44CD4}"
EndProject
Project("{FAE04EC0-301F-11D3-BF4B-00C04F79EFBC}") = "Entidades.Clase19", "Entidades.Clase19\Entidades.Clase19.csproj", "{6C2E3B66-59C9-4B34-8D77-EEF945381AF0}"
EndProject
Project("{FAE04EC0-301F-11D3-BF4B-00C04F79EFBC}") = "Entidades.Clase19.Test", "Entidades.Clase19.Test\Entidades.Clase19.Test.csproj", "{3B9797E2-9702-43D8-A1D7-B595CBF100F0}"
EndProject
Global
	GlobalSection(SolutionConfigurationPlatforms) = preSolution
		Debug|Any CPU = Debug|Any CPU
		Release|Any CPU = Release|Any CPU
	EndGlobalSection
	GlobalSection(ProjectConfigurationPlatforms) = postSolution
		{BA4CB0A3-0C2A-4F3E-B0D3-9921A1F15D9E}.Debug|Any CPU.ActiveCfg = Debug|Any CPU
		{BA4CB0A3-0C2A-4F3E-B0D3-9921A1F15D9E}.Debug|Any CPU.Build.0 = Debug|Any CPU
		{BA4CB0A3-0C2A-4F3E-B0D3-9921A1F15D9E}.Release|Any CPU.ActiveCfg = Release|Any CPU
		{BA4CB0A3-0C2A-4F3E-B0D3-9921A1F15D9E}.Release|Any CPU.Build.0 = Release|Any CPU
		{6A9DB633-FBB6-41D4-B98B-FD9986F4EFA1}.Debug|Any CPU.ActiveCfg = Debug|Any CPU
		{6A9DB633-FBB6-41D4-B98B-FD9986F4EFA1}.Debug|Any CPU.Build.0 = Debug|Any CPU
		{6A9DB633-FBB6-41D4-B98B-FD9986F4EFA1}.Release|Any CPU.ActiveCfg = Release|Any CPU
		{6A9DB633-FBB6-41D4-B98B-FD9986F4EFA1}.Release|Any CPU.Build.0 = Release|Any CPU
		{C8D33EF1-A03A-4763-94CA-8FAC986A39B8}.Debug|Any CPU.ActiveCfg = Debug|Any CPU
		{C8D33EF1-A03A-4763-94CA-8FAC986A39B8}.Debug|Any CPU.Build.0 = Debug|Any CPU
		{C8D33EF1-A03A-4763-94CA-8FAC986A39B8}.Release|Any CPU.ActiveCfg = Release|Any CPU
		{C8D33EF1-A03A-4763-94CA-8FAC986A39B8}.Release|Any CPU.Build.0 = Release|Any CPU
		{DFA1B598-EECE-4DB2-B57F-EAB5D765EA07}.Debug|Any CPU.ActiveCfg = Debug|Any CPU
		{DFA1B598-EECE-4DB2-B57F-EAB5D765EA07}.Debug|Any CPU.Build.0 = Debug|Any CPU
		{DFA1B598-EECE-4DB2-B57F-EAB5D765EA07}.Release|Any CPU.ActiveCfg = Release|Any CPU
		{DFA1B598-EECE-4DB2-B57F-EAB5D765EA07}.Release|Any CPU.Build.0 = Release|Any CPU
		{D8C30B3B-C77B-4DE4-8455-C881CE0DF5CD}.Debug|Any CPU.ActiveCfg = Debug|Any CPU
		{D8C30B3B-C77B-4DE4-8455-C881CE0DF5CD}.Debug|Any CPU.Build.0 = Debug|Any CPU
		{D8C30B3B-C77B-4DE4-8455-C881CE0DF5CD}.Release|Any CPU.ActiveCfg = Release|Any CPU
		{D8C30B3B-C77B-4DE4-8455-C881CE0DF5CD}.Release|Any CPU.Build.0 = Release|Any CPU
		{A8E5E577-D45A-4E26-90CE-E46AFCCE286D}.Debug|Any CPU.ActiveCfg = Debug|Any CPU
		{A8E5E577-D45A-4E26-90CE-E46AFCCE286D}.Debug|Any CPU.Build.0 = Debug|Any CPU
		{A8E5E577-D45A-4E26-90CE-E46AFCCE286D}.Release|Any CPU.ActiveCfg = Release|Any CPU
		{A8E5E577-D45A-4E26-90CE-E46AFCCE286D}.Release|Any CPU.Build.0 = Release|Any CPU
		{DC28A3F4-27A7-4D54-B941-3D60814BF059}.Debug|Any CPU.ActiveCfg = Debug|Any CPU
		{DC28A3F4-27A7-4D54-B941-3D60814BF059}.Debug|Any CPU.Build.0 = Debug|Any CPU
		{DC28A3F4-27A7-4D54-B941-3D60814BF059}.Release|Any CPU.ActiveCfg = Release|Any CPU
		{DC28A3F4-27A7-4D54-B941-3D60814BF059}.Release|Any CPU.Build.0 = Release|Any CPU
		{A6615321-AD1F-4146-BF51-E958BF3BBFCD}.Debug|Any CPU.ActiveCfg = Debug|Any CPU
		{A6615321-AD1F-4146-BF51-E958BF3BBFCD}.Debug|Any CPU.Build.0 = Debug|Any CPU
		{A6615321-AD1F-4146-BF51-E958BF3BBFCD}.Release|Any CPU.ActiveCfg = Release|Any CPU
		{A6615321-AD1F-4146-BF51-E958BF3BBFCD}.Release|Any CPU.Build.0 = Release|Any CPU
		{853C0545-FB88-4E37-9250-304FA0E01DAE}.Debug|Any CPU.ActiveCfg = Debug|Any CPU
		{853C0545-FB88-4E37-9250-304FA0E01DAE}.Debug|Any CPU.Build.0 = Debug|Any CPU
		{853C0545-FB88-4E37-9250-304FA0E01DAE}.Release|Any CPU.ActiveCfg = Release|Any CPU
		{853C0545-FB88-4E37-9250-304FA0E01DAE}.Release|Any CPU.Build.0 = Release|Any CPU
		{0A99DA2F-69CC-41A8-A908-CFB8C7718927}.Debug|Any CPU.ActiveCfg = Debug|Any CPU
		{0A99DA2F-69CC-41A8-A908-CFB8C7718927}.Debug|Any CPU.Build.0 = Debug|Any CPU
		{0A99DA2F-69CC-41A8-A908-CFB8C7718927}.Release|Any CPU.ActiveCfg = Release|Any CPU
		{0A99DA2F-69CC-41A8-A908-CFB8C7718927}.Release|Any CPU.Build.0 = Release|Any CPU
		{693873E2-83B4-4E5C-889E-D037162439BC}.Debug|Any CPU.ActiveCfg = Debug|Any CPU
		{693873E2-83B4-4E5C-889E-D037162439BC}.Debug|Any CPU.Build.0 = Debug|Any CPU
		{693873E2-83B4-4E5C-889E-D037162439BC}.Release|Any CPU.ActiveCfg = Release|Any CPU
		{693873E2-83B4-4E5C-889E-D037162439BC}.Release|Any CPU.Build.0 = Release|Any CPU
		{BE613F7D-4662-4E1E-9A44-1F8676DB63A1}.Debug|Any CPU.ActiveCfg = Debug|Any CPU
		{BE613F7D-4662-4E1E-9A44-1F8676DB63A1}.Debug|Any CPU.Build.0 = Debug|Any CPU
		{BE613F7D-4662-4E1E-9A44-1F8676DB63A1}.Release|Any CPU.ActiveCfg = Release|Any CPU
		{BE613F7D-4662-4E1E-9A44-1F8676DB63A1}.Release|Any CPU.Build.0 = Release|Any CPU
		{04FAF21F-997B-4CB8-A4B4-59036140DB7A}.Debug|Any CPU.ActiveCfg = Debug|Any CPU
		{04FAF21F-997B-4CB8-A4B4-59036140DB7A}.Debug|Any CPU.Build.0 = Debug|Any CPU
		{04FAF21F-997B-4CB8-A4B4-59036140DB7A}.Release|Any CPU.ActiveCfg = Release|Any CPU
		{04FAF21F-997B-4CB8-A4B4-59036140DB7A}.Release|Any CPU.Build.0 = Release|Any CPU
		{A99AE0A5-509B-4E5F-8955-99678A270EA3}.Debug|Any CPU.ActiveCfg = Debug|Any CPU
		{A99AE0A5-509B-4E5F-8955-99678A270EA3}.Debug|Any CPU.Build.0 = Debug|Any CPU
		{A99AE0A5-509B-4E5F-8955-99678A270EA3}.Release|Any CPU.ActiveCfg = Release|Any CPU
		{A99AE0A5-509B-4E5F-8955-99678A270EA3}.Release|Any CPU.Build.0 = Release|Any CPU
		{647226FF-18C8-4C3D-AC0A-8BAFFBAF210B}.Debug|Any CPU.ActiveCfg = Debug|Any CPU
		{647226FF-18C8-4C3D-AC0A-8BAFFBAF210B}.Debug|Any CPU.Build.0 = Debug|Any CPU
		{647226FF-18C8-4C3D-AC0A-8BAFFBAF210B}.Release|Any CPU.ActiveCfg = Release|Any CPU
		{647226FF-18C8-4C3D-AC0A-8BAFFBAF210B}.Release|Any CPU.Build.0 = Release|Any CPU
		{098B5C5A-52F8-4253-B6E0-0EC06D2538F5}.Debug|Any CPU.ActiveCfg = Debug|Any CPU
		{098B5C5A-52F8-4253-B6E0-0EC06D2538F5}.Debug|Any CPU.Build.0 = Debug|Any CPU
		{098B5C5A-52F8-4253-B6E0-0EC06D2538F5}.Release|Any CPU.ActiveCfg = Release|Any CPU
		{098B5C5A-52F8-4253-B6E0-0EC06D2538F5}.Release|Any CPU.Build.0 = Release|Any CPU
		{C5DFCD63-9BE7-4B38-9F54-7C4856E459EE}.Debug|Any CPU.ActiveCfg = Debug|Any CPU
		{C5DFCD63-9BE7-4B38-9F54-7C4856E459EE}.Debug|Any CPU.Build.0 = Debug|Any CPU
		{C5DFCD63-9BE7-4B38-9F54-7C4856E459EE}.Release|Any CPU.ActiveCfg = Release|Any CPU
		{C5DFCD63-9BE7-4B38-9F54-7C4856E459EE}.Release|Any CPU.Build.0 = Release|Any CPU
		{0617026A-9472-4F47-B11D-D8FF11B63638}.Debug|Any CPU.ActiveCfg = Debug|Any CPU
		{0617026A-9472-4F47-B11D-D8FF11B63638}.Debug|Any CPU.Build.0 = Debug|Any CPU
		{0617026A-9472-4F47-B11D-D8FF11B63638}.Release|Any CPU.ActiveCfg = Release|Any CPU
		{0617026A-9472-4F47-B11D-D8FF11B63638}.Release|Any CPU.Build.0 = Release|Any CPU
		{629F21C0-5048-4DF5-964B-DB6BA69404FB}.Debug|Any CPU.ActiveCfg = Debug|Any CPU
		{629F21C0-5048-4DF5-964B-DB6BA69404FB}.Debug|Any CPU.Build.0 = Debug|Any CPU
		{629F21C0-5048-4DF5-964B-DB6BA69404FB}.Release|Any CPU.ActiveCfg = Release|Any CPU
		{629F21C0-5048-4DF5-964B-DB6BA69404FB}.Release|Any CPU.Build.0 = Release|Any CPU
		{FFE911D1-AD10-4B7D-A476-FCE7B6640821}.Debug|Any CPU.ActiveCfg = Debug|Any CPU
		{FFE911D1-AD10-4B7D-A476-FCE7B6640821}.Debug|Any CPU.Build.0 = Debug|Any CPU
		{FFE911D1-AD10-4B7D-A476-FCE7B6640821}.Release|Any CPU.ActiveCfg = Release|Any CPU
		{FFE911D1-AD10-4B7D-A476-FCE7B6640821}.Release|Any CPU.Build.0 = Release|Any CPU
		{0223A94A-2480-4FC1-933E-9759AA317331}.Debug|Any CPU.ActiveCfg = Debug|Any CPU
		{0223A94A-2480-4FC1-933E-9759AA317331}.Debug|Any CPU.Build.0 = Debug|Any CPU
		{0223A94A-2480-4FC1-933E-9759AA317331}.Release|Any CPU.ActiveCfg = Release|Any CPU
		{0223A94A-2480-4FC1-933E-9759AA317331}.Release|Any CPU.Build.0 = Release|Any CPU
		{37A3C915-2121-423B-93B8-4B96FEAEA092}.Debug|Any CPU.ActiveCfg = Debug|Any CPU
		{37A3C915-2121-423B-93B8-4B96FEAEA092}.Debug|Any CPU.Build.0 = Debug|Any CPU
		{37A3C915-2121-423B-93B8-4B96FEAEA092}.Release|Any CPU.ActiveCfg = Release|Any CPU
		{37A3C915-2121-423B-93B8-4B96FEAEA092}.Release|Any CPU.Build.0 = Release|Any CPU
		{31924312-0886-4857-AF67-7B7FF9F44CD4}.Debug|Any CPU.ActiveCfg = Debug|Any CPU
		{31924312-0886-4857-AF67-7B7FF9F44CD4}.Debug|Any CPU.Build.0 = Debug|Any CPU
		{31924312-0886-4857-AF67-7B7FF9F44CD4}.Release|Any CPU.ActiveCfg = Release|Any CPU
		{31924312-0886-4857-AF67-7B7FF9F44CD4}.Release|Any CPU.Build.0 = Release|Any CPU
		{6C2E3B66-59C9-4B34-8D77-EEF945381AF0}.Debug|Any CPU.ActiveCfg = Debug|Any CPU
		{6C2E3B66-59C9-4B34-8D77-EEF945381AF0}.Debug|Any CPU.Build.0 = Debug|Any CPU
		{6C2E3B66-59C9-4B34-8D77-EEF945381AF0}.Release|Any CPU.ActiveCfg = Release|Any CPU
		{6C2E3B66-59C9-4B34-8D77-EEF945381AF0}.Release|Any CPU.Build.0 = Release|Any CPU
		{3B9797E2-9702-43D8-A1D7-B595CBF100F0}.Debug|Any CPU.ActiveCfg = Debug|Any CPU
		{3B9797E2-9702-43D8-A1D7-B595CBF100F0}.Debug|Any CPU.Build.0 = Debug|Any CPU
		{3B9797E2-9702-43D8-A1D7-B595CBF100F0}.Release|Any CPU.ActiveCfg = Release|Any CPU
		{3B9797E2-9702-43D8-A1D7-B595CBF100F0}.Release|Any CPU.Build.0 = Release|Any CPU
	EndGlobalSection
	GlobalSection(SolutionProperties) = preSolution
		HideSolutionNode = FALSE
	EndGlobalSection
	GlobalSection(ExtensibilityGlobals) = postSolution
		SolutionGuid = {F6C9E19B-7927-4B4A-BA1D-8C6A6B0E2D60}
	EndGlobalSection
EndGlobal
