
Microsoft Visual Studio Solution File, Format Version 12.00
# Visual Studio 15
VisualStudioVersion = 15.0.28010.2041
MinimumVisualStudioVersion = 10.0.40219.1
Project("{FAE04EC0-301F-11D3-BF4B-00C04F79EFBC}") = "Entidades", "Entidades\Entidades.csproj", "{9E570D98-FE27-4E4F-BA42-8E56268BF8F3}"
EndProject
Project("{FAE04EC0-301F-11D3-BF4B-00C04F79EFBC}") = "Test", "Test\Test.csproj", "{605DC435-B151-4E2D-BEC4-3C2C161117F4}"
EndProject
Global
	GlobalSection(SolutionConfigurationPlatforms) = preSolution
		Debug|Any CPU = Debug|Any CPU
		Release|Any CPU = Release|Any CPU
	EndGlobalSection
	GlobalSection(ProjectConfigurationPlatforms) = postSolution
		{9E570D98-FE27-4E4F-BA42-8E56268BF8F3}.Debug|Any CPU.ActiveCfg = Debug|Any CPU
		{9E570D98-FE27-4E4F-BA42-8E56268BF8F3}.Debug|Any CPU.Build.0 = Debug|Any CPU
		{9E570D98-FE27-4E4F-BA42-8E56268BF8F3}.Release|Any CPU.ActiveCfg = Release|Any CPU
		{9E570D98-FE27-4E4F-BA42-8E56268BF8F3}.Release|Any CPU.Build.0 = Release|Any CPU
		{605DC435-B151-4E2D-BEC4-3C2C161117F4}.Debug|Any CPU.ActiveCfg = Debug|Any CPU
		{605DC435-B151-4E2D-BEC4-3C2C161117F4}.Debug|Any CPU.Build.0 = Debug|Any CPU
		{605DC435-B151-4E2D-BEC4-3C2C161117F4}.Release|Any CPU.ActiveCfg = Release|Any CPU
		{605DC435-B151-4E2D-BEC4-3C2C161117F4}.Release|Any CPU.Build.0 = Release|Any CPU
	EndGlobalSection
	GlobalSection(SolutionProperties) = preSolution
		HideSolutionNode = FALSE
	EndGlobalSection
	GlobalSection(ExtensibilityGlobals) = postSolution
		SolutionGuid = {C88A82EC-FCA8-4647-A130-BA0C3140C0E9}
	EndGlobalSection
EndGlobal
